
Microsoft Visual Studio Solution File, Format Version 12.00
# Visual Studio Version 17
VisualStudioVersion = 17.4.33205.214
MinimumVisualStudioVersion = 10.0.40219.1
Project("{FAE04EC0-301F-11D3-BF4B-00C04F79EFBC}") = "GirilenSayilariTopla", "GirilenSayilariTopla.csproj", "{93A230AF-B2EF-44CE-988A-1E370D0CDEBF}"
EndProject
Global
	GlobalSection(SolutionConfigurationPlatforms) = preSolution
		Debug|Any CPU = Debug|Any CPU
		Release|Any CPU = Release|Any CPU
	EndGlobalSection
	GlobalSection(ProjectConfigurationPlatforms) = postSolution
		{93A230AF-B2EF-44CE-988A-1E370D0CDEBF}.Debug|Any CPU.ActiveCfg = Debug|Any CPU
		{93A230AF-B2EF-44CE-988A-1E370D0CDEBF}.Debug|Any CPU.Build.0 = Debug|Any CPU
		{93A230AF-B2EF-44CE-988A-1E370D0CDEBF}.Release|Any CPU.ActiveCfg = Release|Any CPU
		{93A230AF-B2EF-44CE-988A-1E370D0CDEBF}.Release|Any CPU.Build.0 = Release|Any CPU
	EndGlobalSection
	GlobalSection(SolutionProperties) = preSolution
		HideSolutionNode = FALSE
	EndGlobalSection
	GlobalSection(ExtensibilityGlobals) = postSolution
		SolutionGuid = {1170E661-AE23-416C-B4AA-6FF461A368B2}
	EndGlobalSection
EndGlobal
